
Microsoft Visual Studio Solution File, Format Version 12.00
# Visual Studio Version 17
VisualStudioVersion = 17.9.34622.214
MinimumVisualStudioVersion = 10.0.40219.1
Project("{FAE04EC0-301F-11D3-BF4B-00C04F79EFBC}") = "TestPart", "TestPart\TestPart.csproj", "{FE80A46F-A034-4304-8160-BE53AEE46593}"
EndProject
Global
	GlobalSection(SolutionConfigurationPlatforms) = preSolution
		Debug|Any CPU = Debug|Any CPU
		Release|Any CPU = Release|Any CPU
	EndGlobalSection
	GlobalSection(ProjectConfigurationPlatforms) = postSolution
		{FE80A46F-A034-4304-8160-BE53AEE46593}.Debug|Any CPU.ActiveCfg = Debug|Any CPU
		{FE80A46F-A034-4304-8160-BE53AEE46593}.Debug|Any CPU.Build.0 = Debug|Any CPU
		{FE80A46F-A034-4304-8160-BE53AEE46593}.Release|Any CPU.ActiveCfg = Release|Any CPU
		{FE80A46F-A034-4304-8160-BE53AEE46593}.Release|Any CPU.Build.0 = Release|Any CPU
	EndGlobalSection
	GlobalSection(SolutionProperties) = preSolution
		HideSolutionNode = FALSE
	EndGlobalSection
	GlobalSection(ExtensibilityGlobals) = postSolution
		SolutionGuid = {79BCEE80-C78B-47CE-BD9C-50E0F48C0448}
	EndGlobalSection
EndGlobal
